{
  "requires": true,
  "lockfileVersion": 1,
  "dependencies": {
    "@fluentui/react": {
      "version": "7.107.5",
      "resolved": "https://registry.npmjs.org/@fluentui/react/-/react-7.107.5.tgz",
      "integrity": "sha512-nApGG2KnDN5gqkmXPSQl8UtYLV6okQsyvwgNgo1HxO0/P46NkfxwUJaNA94FcjJvlvrEny/YMr/Lu10rbovR1g==",
      "requires": {
        "@uifabric/set-version": "^7.0.11",
        "office-ui-fabric-react": "^7.107.5",
        "tslib": "^1.10.0"
      }
    },
    "@fluentui/react-focus": {
      "version": "7.5.0",
      "resolved": "https://registry.npmjs.org/@fluentui/react-focus/-/react-focus-7.5.0.tgz",
      "integrity": "sha512-Esqol7uHcQObX5kNJ8ZQnqxfW5fSN3eGFzBxd/yGQVLMU53DE0EHRXxJICT19EZs9xupZfu3Pu9k+SG5+YXXhA==",
      "requires": {
        "@uifabric/merge-styles": "^7.11.1",
        "@uifabric/set-version": "^7.0.11",
        "@uifabric/styling": "^7.11.8",
        "@uifabric/utilities": "^7.15.11",
        "tslib": "^1.10.0"
      }
    },
    "@fluentui/react-icons": {
      "version": "0.1.6",
      "resolved": "https://registry.npmjs.org/@fluentui/react-icons/-/react-icons-0.1.6.tgz",
      "integrity": "sha512-mNalpAHjUAjun7cQAc+NhT8kp/DP6InDdwrdPoMbsjQPFgTfIGFzRr+2Ew6RNvNKbiz5mVTHCPh2FTiBh45UvA==",
      "requires": {
        "@uifabric/set-version": "^7.0.11",
        "@uifabric/styling": "^7.11.8",
        "@uifabric/utilities": "^7.15.11",
        "tslib": "^1.10.0"
      }
    },
    "@microsoft/load-themed-styles": {
      "version": "1.10.43",
      "resolved": "https://registry.npmjs.org/@microsoft/load-themed-styles/-/load-themed-styles-1.10.43.tgz",
      "integrity": "sha512-9RUeBMXPHbT/qHTRIQi9oQs3bw5JkQGBQ8ayjycq95q+1OUI9jBJPiJi2d8btpGdJWisVb3ZXxRsUx5u6f5dRA=="
    },
    "@uifabric/foundation": {
      "version": "7.7.5",
      "resolved": "https://registry.npmjs.org/@uifabric/foundation/-/foundation-7.7.5.tgz",
      "integrity": "sha512-WTGMXxmuRbYXFPw3NbTVOt9l8Fb7Z+R8vJ+zTThR8oYw6Mx7+ZVa/bGoIAiNbS2MHw5j4YXb7D0TdxLnZXhn2g==",
      "requires": {
        "@uifabric/merge-styles": "^7.11.1",
        "@uifabric/set-version": "^7.0.11",
        "@uifabric/styling": "^7.11.8",
        "@uifabric/utilities": "^7.15.11",
        "tslib": "^1.10.0"
      }
    },
    "@uifabric/icons": {
      "version": "7.3.31",
      "resolved": "https://registry.npmjs.org/@uifabric/icons/-/icons-7.3.31.tgz",
      "integrity": "sha512-0vikKQcwDVhxuLHlFDXxMcrSMYP0sS7kXPb48OvUyF2LdWbSYoX86WTMfrS20Fn3DO/3MqdIryN+X0pTElhVYA==",
      "requires": {
        "@uifabric/set-version": "^7.0.11",
        "@uifabric/styling": "^7.11.8",
        "tslib": "^1.10.0"
      }
    },
    "@uifabric/merge-styles": {
      "version": "7.11.1",
      "resolved": "https://registry.npmjs.org/@uifabric/merge-styles/-/merge-styles-7.11.1.tgz",
      "integrity": "sha512-r3T+xOo36qr0lrA+RRN1Ie6eI6Uzo7Gf8AplFkIGeaNczC2m3k5xY+oUa1WmOc6yRCJdMnn18fTYljOXAV4Tpw==",
      "requires": {
        "@uifabric/set-version": "^7.0.11",
        "tslib": "^1.10.0"
      }
    },
    "@uifabric/react-hooks": {
      "version": "7.2.0",
      "resolved": "https://registry.npmjs.org/@uifabric/react-hooks/-/react-hooks-7.2.0.tgz",
      "integrity": "sha512-jARkz8+5oSIpkxM1eiQaNKnourxkHdWEy7qm/ayvKub/9qvsK2BFX35IBLsJ/gt6Np2Qzo72oaVRfRqqJ9FWBg==",
      "requires": {
        "@uifabric/set-version": "^7.0.11",
        "@uifabric/utilities": "^7.15.11",
        "tslib": "^1.10.0"
      }
    },
    "@uifabric/set-version": {
      "version": "7.0.11",
      "resolved": "https://registry.npmjs.org/@uifabric/set-version/-/set-version-7.0.11.tgz",
      "integrity": "sha512-QAwgQa/Pik/q4Io8SGAjiAjiSHT5JIdhHxFw9Ytct/daagZl40Kt/Et+3U01geMLSD5TOAUATvRN7xAFFgkD9A==",
      "requires": {
        "tslib": "^1.10.0"
      }
    },
    "@uifabric/styling": {
      "version": "7.11.8",
      "resolved": "https://registry.npmjs.org/@uifabric/styling/-/styling-7.11.8.tgz",
      "integrity": "sha512-H0uSL6zSef3jICQUKpucwdax++FpqzOYQDgeXYkb0111pEBbvtd56VSkODoEvSTf24s0oE0cIXTA/6XoNRCI3g==",
      "requires": {
        "@microsoft/load-themed-styles": "^1.10.26",
        "@uifabric/merge-styles": "^7.11.1",
        "@uifabric/set-version": "^7.0.11",
        "@uifabric/utilities": "^7.15.11",
        "tslib": "^1.10.0"
      }
    },
    "@uifabric/utilities": {
      "version": "7.15.11",
      "resolved": "https://registry.npmjs.org/@uifabric/utilities/-/utilities-7.15.11.tgz",
      "integrity": "sha512-HiGWvQNjLjQuwDnE2TqDHJiiE4vW62xbzOtAbuRO9w0/JlIna3dQA6e6ZC9RatagD0vh20ePxeZtv/XHTZePMw==",
      "requires": {
        "@uifabric/merge-styles": "^7.11.1",
        "@uifabric/set-version": "^7.0.11",
        "prop-types": "^15.7.2",
        "tslib": "^1.10.0"
      }
    },
    "js-tokens": {
      "version": "4.0.0",
      "resolved": "https://registry.npmjs.org/js-tokens/-/js-tokens-4.0.0.tgz",
      "integrity": "sha512-RdJUflcE3cUzKiMqQgsCu06FPu9UdIJO0beYbPhHN4k6apgJtifcoCtT9bcxOpYBtpD2kCM6Sbzg4CausW/PKQ=="
    },
    "loose-envify": {
      "version": "1.4.0",
      "resolved": "https://registry.npmjs.org/loose-envify/-/loose-envify-1.4.0.tgz",
      "integrity": "sha512-lyuxPGr/Wfhrlem2CL/UcnUc1zcqKAImBDzukY7Y5F/yQiNdko6+fRLevlw1HgMySw7f611UIY408EtxRSoK3Q==",
      "requires": {
        "js-tokens": "^3.0.0 || ^4.0.0"
      }
    },
    "object-assign": {
      "version": "4.1.1",
      "resolved": "https://registry.npmjs.org/object-assign/-/object-assign-4.1.1.tgz",
      "integrity": "sha1-IQmtx5ZYh8/AXLvUQsrIv7s2CGM="
    },
    "office-ui-fabric-react": {
      "version": "7.107.5",
      "resolved": "https://registry.npmjs.org/office-ui-fabric-react/-/office-ui-fabric-react-7.107.5.tgz",
      "integrity": "sha512-XzBkNZf2vNy30ARIikiUSaqzNYly/R/5HZJM979n8v0g71iwpCziRqjDB6BNgUJ57iwCbyt0hMUGnLFKJ1mVsA==",
      "requires": {
        "@fluentui/react-focus": "^7.5.0",
        "@fluentui/react-icons": "^0.1.6",
        "@microsoft/load-themed-styles": "^1.10.26",
        "@uifabric/foundation": "^7.7.5",
        "@uifabric/icons": "^7.3.31",
        "@uifabric/merge-styles": "^7.11.1",
        "@uifabric/react-hooks": "^7.2.0",
        "@uifabric/set-version": "^7.0.11",
        "@uifabric/styling": "^7.11.8",
        "@uifabric/utilities": "^7.15.11",
        "prop-types": "^15.7.2",
        "tslib": "^1.10.0"
      }
    },
    "prop-types": {
      "version": "15.7.2",
      "resolved": "https://registry.npmjs.org/prop-types/-/prop-types-15.7.2.tgz",
      "integrity": "sha512-8QQikdH7//R2vurIJSutZ1smHYTcLpRWEOlHnzcWHmBYrOGUysKwSsrC89BCiFj3CbrfJ/nXFdJepOVrY1GCHQ==",
      "requires": {
        "loose-envify": "^1.4.0",
        "object-assign": "^4.1.1",
        "react-is": "^16.8.1"
      }
    },
    "react-is": {
      "version": "16.13.1",
      "resolved": "https://registry.npmjs.org/react-is/-/react-is-16.13.1.tgz",
      "integrity": "sha512-24e6ynE2H+OKt4kqsOvNd8kBpV65zoxbA4BVsEOB3ARVWQki/DHzaUoC5KuON/BiccDaCCTZBuOcfZs70kR8bQ=="
    },
    "tslib": {
      "version": "1.11.1",
      "resolved": "https://registry.npmjs.org/tslib/-/tslib-1.11.1.tgz",
      "integrity": "sha512-aZW88SY8kQbU7gpV19lN24LtXh/yD4ZZg6qieAJDDg+YBsJcSmLGK9QpnUjAKVG/xefmvJGd1WUmfpT/g6AJGA=="
    }
  }
}
